
Microsoft Visual Studio Solution File, Format Version 12.00
# Visual Studio Version 16
VisualStudioVersion = 16.0.30310.162
MinimumVisualStudioVersion = 10.0.40219.1
Project("{FAE04EC0-301F-11D3-BF4B-00C04F79EFBC}") = "SprintPlanner", "SprintPlanner\SprintPlanner.csproj", "{2850B49E-565E-48CE-8AE9-A744B3F9EDD3}"
EndProject
Global
	GlobalSection(SolutionConfigurationPlatforms) = preSolution
		Debug|Any CPU = Debug|Any CPU
		Release|Any CPU = Release|Any CPU
	EndGlobalSection
	GlobalSection(ProjectConfigurationPlatforms) = postSolution
		{2850B49E-565E-48CE-8AE9-A744B3F9EDD3}.Debug|Any CPU.ActiveCfg = Debug|Any CPU
		{2850B49E-565E-48CE-8AE9-A744B3F9EDD3}.Debug|Any CPU.Build.0 = Debug|Any CPU
		{2850B49E-565E-48CE-8AE9-A744B3F9EDD3}.Release|Any CPU.ActiveCfg = Release|Any CPU
		{2850B49E-565E-48CE-8AE9-A744B3F9EDD3}.Release|Any CPU.Build.0 = Release|Any CPU
	EndGlobalSection
	GlobalSection(SolutionProperties) = preSolution
		HideSolutionNode = FALSE
	EndGlobalSection
	GlobalSection(ExtensibilityGlobals) = postSolution
		SolutionGuid = {328EEE2B-5248-4F0B-8750-3EA023D6DB00}
	EndGlobalSection
EndGlobal
